
Microsoft Visual Studio Solution File, Format Version 12.00
# Visual Studio Version 17
VisualStudioVersion = 17.9.34714.143
MinimumVisualStudioVersion = 10.0.40219.1
Project("{FAE04EC0-301F-11D3-BF4B-00C04F79EFBC}") = "GameZone_KEMOO", "GameZone_KEMOO.csproj", "{46222656-9ADE-4456-B653-FA707B79BCAC}"
EndProject
Global
	GlobalSection(SolutionConfigurationPlatforms) = preSolution
		Debug|Any CPU = Debug|Any CPU
		Release|Any CPU = Release|Any CPU
	EndGlobalSection
	GlobalSection(ProjectConfigurationPlatforms) = postSolution
		{46222656-9ADE-4456-B653-FA707B79BCAC}.Debug|Any CPU.ActiveCfg = Debug|Any CPU
		{46222656-9ADE-4456-B653-FA707B79BCAC}.Debug|Any CPU.Build.0 = Debug|Any CPU
		{46222656-9ADE-4456-B653-FA707B79BCAC}.Release|Any CPU.ActiveCfg = Release|Any CPU
		{46222656-9ADE-4456-B653-FA707B79BCAC}.Release|Any CPU.Build.0 = Release|Any CPU
	EndGlobalSection
	GlobalSection(SolutionProperties) = preSolution
		HideSolutionNode = FALSE
	EndGlobalSection
	GlobalSection(ExtensibilityGlobals) = postSolution
		SolutionGuid = {5E5FDD77-ADBC-43A5-A379-DA5B6E0036F3}
	EndGlobalSection
EndGlobal
